
Microsoft Visual Studio Solution File, Format Version 12.00
# Visual Studio Version 16
VisualStudioVersion = 16.0.31515.178
MinimumVisualStudioVersion = 10.0.40219.1
Project("{FAE04EC0-301F-11D3-BF4B-00C04F79EFBC}") = "Core", "Core\Core.csproj", "{4D7C3257-1497-4188-B885-05BC9041E4C0}"
EndProject
Project("{FAE04EC0-301F-11D3-BF4B-00C04F79EFBC}") = "Infrastracture", "Infrastracture\Infrastracture.csproj", "{FBB35BB4-6E0F-4883-B8D0-5B31759C4AB2}"
EndProject
Project("{FAE04EC0-301F-11D3-BF4B-00C04F79EFBC}") = "SiteFront", "SiteFront\SiteFront.csproj", "{9C964DA5-33CB-450D-BF75-6EBC3B46C837}"
EndProject
Global
	GlobalSection(SolutionConfigurationPlatforms) = preSolution
		Debug|Any CPU = Debug|Any CPU
		Release|Any CPU = Release|Any CPU
	EndGlobalSection
	GlobalSection(ProjectConfigurationPlatforms) = postSolution
		{4D7C3257-1497-4188-B885-05BC9041E4C0}.Debug|Any CPU.ActiveCfg = Debug|Any CPU
		{4D7C3257-1497-4188-B885-05BC9041E4C0}.Debug|Any CPU.Build.0 = Debug|Any CPU
		{4D7C3257-1497-4188-B885-05BC9041E4C0}.Release|Any CPU.ActiveCfg = Release|Any CPU
		{4D7C3257-1497-4188-B885-05BC9041E4C0}.Release|Any CPU.Build.0 = Release|Any CPU
		{FBB35BB4-6E0F-4883-B8D0-5B31759C4AB2}.Debug|Any CPU.ActiveCfg = Debug|Any CPU
		{FBB35BB4-6E0F-4883-B8D0-5B31759C4AB2}.Debug|Any CPU.Build.0 = Debug|Any CPU
		{FBB35BB4-6E0F-4883-B8D0-5B31759C4AB2}.Release|Any CPU.ActiveCfg = Release|Any CPU
		{FBB35BB4-6E0F-4883-B8D0-5B31759C4AB2}.Release|Any CPU.Build.0 = Release|Any CPU
		{9C964DA5-33CB-450D-BF75-6EBC3B46C837}.Debug|Any CPU.ActiveCfg = Debug|Any CPU
		{9C964DA5-33CB-450D-BF75-6EBC3B46C837}.Debug|Any CPU.Build.0 = Debug|Any CPU
		{9C964DA5-33CB-450D-BF75-6EBC3B46C837}.Release|Any CPU.ActiveCfg = Release|Any CPU
		{9C964DA5-33CB-450D-BF75-6EBC3B46C837}.Release|Any CPU.Build.0 = Release|Any CPU
	EndGlobalSection
	GlobalSection(SolutionProperties) = preSolution
		HideSolutionNode = FALSE
	EndGlobalSection
	GlobalSection(ExtensibilityGlobals) = postSolution
		SolutionGuid = {32848FE8-FF79-489C-9387-51DC6957980D}
	EndGlobalSection
EndGlobal
